
Microsoft Visual Studio Solution File, Format Version 12.00
# Visual Studio Version 17
VisualStudioVersion = 17.5.33516.290
MinimumVisualStudioVersion = 10.0.40219.1
Project("{FAE04EC0-301F-11D3-BF4B-00C04F79EFBC}") = "57_MultiplyMatrix", "57_MultiplyMatrix.csproj", "{4AF9EACF-4D8E-45E7-B457-CE68A4590448}"
EndProject
Global
	GlobalSection(SolutionConfigurationPlatforms) = preSolution
		Debug|Any CPU = Debug|Any CPU
		Release|Any CPU = Release|Any CPU
	EndGlobalSection
	GlobalSection(ProjectConfigurationPlatforms) = postSolution
		{4AF9EACF-4D8E-45E7-B457-CE68A4590448}.Debug|Any CPU.ActiveCfg = Debug|Any CPU
		{4AF9EACF-4D8E-45E7-B457-CE68A4590448}.Debug|Any CPU.Build.0 = Debug|Any CPU
		{4AF9EACF-4D8E-45E7-B457-CE68A4590448}.Release|Any CPU.ActiveCfg = Release|Any CPU
		{4AF9EACF-4D8E-45E7-B457-CE68A4590448}.Release|Any CPU.Build.0 = Release|Any CPU
	EndGlobalSection
	GlobalSection(SolutionProperties) = preSolution
		HideSolutionNode = FALSE
	EndGlobalSection
	GlobalSection(ExtensibilityGlobals) = postSolution
		SolutionGuid = {750DE3DC-89C7-466C-8EBF-2F36445F5CC8}
	EndGlobalSection
EndGlobal
