
Microsoft Visual Studio Solution File, Format Version 12.00
# Visual Studio Version 17
VisualStudioVersion = 17.5.33516.290
MinimumVisualStudioVersion = 10.0.40219.1
Project("{FAE04EC0-301F-11D3-BF4B-00C04F79EFBC}") = "58_DeleteRowColumnMin", "58_DeleteRowColumnMin.csproj", "{F49AEFE0-E233-4BF6-BCEA-A51F3CCC9296}"
EndProject
Global
	GlobalSection(SolutionConfigurationPlatforms) = preSolution
		Debug|Any CPU = Debug|Any CPU
		Release|Any CPU = Release|Any CPU
	EndGlobalSection
	GlobalSection(ProjectConfigurationPlatforms) = postSolution
		{F49AEFE0-E233-4BF6-BCEA-A51F3CCC9296}.Debug|Any CPU.ActiveCfg = Debug|Any CPU
		{F49AEFE0-E233-4BF6-BCEA-A51F3CCC9296}.Debug|Any CPU.Build.0 = Debug|Any CPU
		{F49AEFE0-E233-4BF6-BCEA-A51F3CCC9296}.Release|Any CPU.ActiveCfg = Release|Any CPU
		{F49AEFE0-E233-4BF6-BCEA-A51F3CCC9296}.Release|Any CPU.Build.0 = Release|Any CPU
	EndGlobalSection
	GlobalSection(SolutionProperties) = preSolution
		HideSolutionNode = FALSE
	EndGlobalSection
	GlobalSection(ExtensibilityGlobals) = postSolution
		SolutionGuid = {3A3F8A2E-F9B7-47A3-AA81-DD973D4E1DAE}
	EndGlobalSection
EndGlobal
