
Microsoft Visual Studio Solution File, Format Version 12.00
# Visual Studio Version 17
VisualStudioVersion = 17.5.33516.290
MinimumVisualStudioVersion = 10.0.40219.1
Project("{FAE04EC0-301F-11D3-BF4B-00C04F79EFBC}") = "3_NumDayOfWeek", "3_NumDayOfWeek.csproj", "{028B0C56-4AE3-4655-BF34-63BCCB373CE1}"
EndProject
Global
	GlobalSection(SolutionConfigurationPlatforms) = preSolution
		Debug|Any CPU = Debug|Any CPU
		Release|Any CPU = Release|Any CPU
	EndGlobalSection
	GlobalSection(ProjectConfigurationPlatforms) = postSolution
		{028B0C56-4AE3-4655-BF34-63BCCB373CE1}.Debug|Any CPU.ActiveCfg = Debug|Any CPU
		{028B0C56-4AE3-4655-BF34-63BCCB373CE1}.Debug|Any CPU.Build.0 = Debug|Any CPU
		{028B0C56-4AE3-4655-BF34-63BCCB373CE1}.Release|Any CPU.ActiveCfg = Release|Any CPU
		{028B0C56-4AE3-4655-BF34-63BCCB373CE1}.Release|Any CPU.Build.0 = Release|Any CPU
	EndGlobalSection
	GlobalSection(SolutionProperties) = preSolution
		HideSolutionNode = FALSE
	EndGlobalSection
	GlobalSection(ExtensibilityGlobals) = postSolution
		SolutionGuid = {C5314AC1-8D0C-40AB-A684-37F85F7B2EB9}
	EndGlobalSection
EndGlobal
