
Microsoft Visual Studio Solution File, Format Version 12.00
# Visual Studio Version 17
VisualStudioVersion = 17.5.33516.290
MinimumVisualStudioVersion = 10.0.40219.1
Project("{FAE04EC0-301F-11D3-BF4B-00C04F79EFBC}") = "22_SquareNumb1toN", "22_SquareNumb1toN.csproj", "{6FAC86A6-9419-4DB0-866B-9A2594A92A4D}"
EndProject
Global
	GlobalSection(SolutionConfigurationPlatforms) = preSolution
		Debug|Any CPU = Debug|Any CPU
		Release|Any CPU = Release|Any CPU
	EndGlobalSection
	GlobalSection(ProjectConfigurationPlatforms) = postSolution
		{6FAC86A6-9419-4DB0-866B-9A2594A92A4D}.Debug|Any CPU.ActiveCfg = Debug|Any CPU
		{6FAC86A6-9419-4DB0-866B-9A2594A92A4D}.Debug|Any CPU.Build.0 = Debug|Any CPU
		{6FAC86A6-9419-4DB0-866B-9A2594A92A4D}.Release|Any CPU.ActiveCfg = Release|Any CPU
		{6FAC86A6-9419-4DB0-866B-9A2594A92A4D}.Release|Any CPU.Build.0 = Release|Any CPU
	EndGlobalSection
	GlobalSection(SolutionProperties) = preSolution
		HideSolutionNode = FALSE
	EndGlobalSection
	GlobalSection(ExtensibilityGlobals) = postSolution
		SolutionGuid = {A77B6A0C-DB76-45F7-B6E0-D383376780B0}
	EndGlobalSection
EndGlobal
