
Microsoft Visual Studio Solution File, Format Version 12.00
# Visual Studio Version 17
VisualStudioVersion = 17.5.33516.290
MinimumVisualStudioVersion = 10.0.40219.1
Project("{FAE04EC0-301F-11D3-BF4B-00C04F79EFBC}") = "25_RateAtoB", "25_RateAtoB.csproj", "{31F5F0C1-D558-4CBD-A7A5-E5BBB02D6B5F}"
EndProject
Global
	GlobalSection(SolutionConfigurationPlatforms) = preSolution
		Debug|Any CPU = Debug|Any CPU
		Release|Any CPU = Release|Any CPU
	EndGlobalSection
	GlobalSection(ProjectConfigurationPlatforms) = postSolution
		{31F5F0C1-D558-4CBD-A7A5-E5BBB02D6B5F}.Debug|Any CPU.ActiveCfg = Debug|Any CPU
		{31F5F0C1-D558-4CBD-A7A5-E5BBB02D6B5F}.Debug|Any CPU.Build.0 = Debug|Any CPU
		{31F5F0C1-D558-4CBD-A7A5-E5BBB02D6B5F}.Release|Any CPU.ActiveCfg = Release|Any CPU
		{31F5F0C1-D558-4CBD-A7A5-E5BBB02D6B5F}.Release|Any CPU.Build.0 = Release|Any CPU
	EndGlobalSection
	GlobalSection(SolutionProperties) = preSolution
		HideSolutionNode = FALSE
	EndGlobalSection
	GlobalSection(ExtensibilityGlobals) = postSolution
		SolutionGuid = {CD849D38-CC8F-48BE-B77C-076E4D3DFBA9}
	EndGlobalSection
EndGlobal
