
Microsoft Visual Studio Solution File, Format Version 12.00
# Visual Studio Version 17
VisualStudioVersion = 17.5.33516.290
MinimumVisualStudioVersion = 10.0.40219.1
Project("{FAE04EC0-301F-11D3-BF4B-00C04F79EFBC}") = "6_ShowNumb-NtoN", "6_ShowNumb-NtoN.csproj", "{545A4C24-5963-4CC7-9FFE-44DEB9EE50FF}"
EndProject
Global
	GlobalSection(SolutionConfigurationPlatforms) = preSolution
		Debug|Any CPU = Debug|Any CPU
		Release|Any CPU = Release|Any CPU
	EndGlobalSection
	GlobalSection(ProjectConfigurationPlatforms) = postSolution
		{545A4C24-5963-4CC7-9FFE-44DEB9EE50FF}.Debug|Any CPU.ActiveCfg = Debug|Any CPU
		{545A4C24-5963-4CC7-9FFE-44DEB9EE50FF}.Debug|Any CPU.Build.0 = Debug|Any CPU
		{545A4C24-5963-4CC7-9FFE-44DEB9EE50FF}.Release|Any CPU.ActiveCfg = Release|Any CPU
		{545A4C24-5963-4CC7-9FFE-44DEB9EE50FF}.Release|Any CPU.Build.0 = Release|Any CPU
	EndGlobalSection
	GlobalSection(SolutionProperties) = preSolution
		HideSolutionNode = FALSE
	EndGlobalSection
	GlobalSection(ExtensibilityGlobals) = postSolution
		SolutionGuid = {C9F3F3AD-D937-46DD-A551-503065A9F684}
	EndGlobalSection
EndGlobal
