
Microsoft Visual Studio Solution File, Format Version 12.00
# Visual Studio Version 17
VisualStudioVersion = 17.5.33516.290
MinimumVisualStudioVersion = 10.0.40219.1
Project("{FAE04EC0-301F-11D3-BF4B-00C04F79EFBC}") = "54_InsertRowsColumns", "54_InsertRowsColumns.csproj", "{3D6ED113-07E9-41FD-B8AA-F50FE8EA66F7}"
EndProject
Global
	GlobalSection(SolutionConfigurationPlatforms) = preSolution
		Debug|Any CPU = Debug|Any CPU
		Release|Any CPU = Release|Any CPU
	EndGlobalSection
	GlobalSection(ProjectConfigurationPlatforms) = postSolution
		{3D6ED113-07E9-41FD-B8AA-F50FE8EA66F7}.Debug|Any CPU.ActiveCfg = Debug|Any CPU
		{3D6ED113-07E9-41FD-B8AA-F50FE8EA66F7}.Debug|Any CPU.Build.0 = Debug|Any CPU
		{3D6ED113-07E9-41FD-B8AA-F50FE8EA66F7}.Release|Any CPU.ActiveCfg = Release|Any CPU
		{3D6ED113-07E9-41FD-B8AA-F50FE8EA66F7}.Release|Any CPU.Build.0 = Release|Any CPU
	EndGlobalSection
	GlobalSection(SolutionProperties) = preSolution
		HideSolutionNode = FALSE
	EndGlobalSection
	GlobalSection(ExtensibilityGlobals) = postSolution
		SolutionGuid = {3A187CDC-2450-4DEF-A8D4-471939097FC6}
	EndGlobalSection
EndGlobal
