
Microsoft Visual Studio Solution File, Format Version 12.00
# Visual Studio Version 17
VisualStudioVersion = 17.5.33516.290
MinimumVisualStudioVersion = 10.0.40219.1
Project("{FAE04EC0-301F-11D3-BF4B-00C04F79EFBC}") = "45_2DArrayZ", "45_2DArrayZ.csproj", "{2ED6CA12-E235-4757-87BE-1C8F2114D56E}"
EndProject
Global
	GlobalSection(SolutionConfigurationPlatforms) = preSolution
		Debug|Any CPU = Debug|Any CPU
		Release|Any CPU = Release|Any CPU
	EndGlobalSection
	GlobalSection(ProjectConfigurationPlatforms) = postSolution
		{2ED6CA12-E235-4757-87BE-1C8F2114D56E}.Debug|Any CPU.ActiveCfg = Debug|Any CPU
		{2ED6CA12-E235-4757-87BE-1C8F2114D56E}.Debug|Any CPU.Build.0 = Debug|Any CPU
		{2ED6CA12-E235-4757-87BE-1C8F2114D56E}.Release|Any CPU.ActiveCfg = Release|Any CPU
		{2ED6CA12-E235-4757-87BE-1C8F2114D56E}.Release|Any CPU.Build.0 = Release|Any CPU
	EndGlobalSection
	GlobalSection(SolutionProperties) = preSolution
		HideSolutionNode = FALSE
	EndGlobalSection
	GlobalSection(ExtensibilityGlobals) = postSolution
		SolutionGuid = {669DC4F3-6F6C-420B-867A-B3D8A820045E}
	EndGlobalSection
EndGlobal
