
Microsoft Visual Studio Solution File, Format Version 12.00
# Visual Studio Version 17
VisualStudioVersion = 17.5.33516.290
MinimumVisualStudioVersion = 10.0.40219.1
Project("{FAE04EC0-301F-11D3-BF4B-00C04F79EFBC}") = "34_HowEvenNumb", "34_HowEvenNumb.csproj", "{7E552151-74B3-4D16-9F5D-FC8E2AF77BFD}"
EndProject
Global
	GlobalSection(SolutionConfigurationPlatforms) = preSolution
		Debug|Any CPU = Debug|Any CPU
		Release|Any CPU = Release|Any CPU
	EndGlobalSection
	GlobalSection(ProjectConfigurationPlatforms) = postSolution
		{7E552151-74B3-4D16-9F5D-FC8E2AF77BFD}.Debug|Any CPU.ActiveCfg = Debug|Any CPU
		{7E552151-74B3-4D16-9F5D-FC8E2AF77BFD}.Debug|Any CPU.Build.0 = Debug|Any CPU
		{7E552151-74B3-4D16-9F5D-FC8E2AF77BFD}.Release|Any CPU.ActiveCfg = Release|Any CPU
		{7E552151-74B3-4D16-9F5D-FC8E2AF77BFD}.Release|Any CPU.Build.0 = Release|Any CPU
	EndGlobalSection
	GlobalSection(SolutionProperties) = preSolution
		HideSolutionNode = FALSE
	EndGlobalSection
	GlobalSection(ExtensibilityGlobals) = postSolution
		SolutionGuid = {93541F69-72E1-4EB4-AE89-EC96ED0982B4}
	EndGlobalSection
EndGlobal
