
Microsoft Visual Studio Solution File, Format Version 12.00
# Visual Studio Version 17
VisualStudioVersion = 17.5.33516.290
MinimumVisualStudioVersion = 10.0.40219.1
Project("{FAE04EC0-301F-11D3-BF4B-00C04F79EFBC}") = "13_FindThirdDigit", "13_FindThirdDigit.csproj", "{99EF4CE6-F265-41DC-9904-8B714EB5CBE8}"
EndProject
Global
	GlobalSection(SolutionConfigurationPlatforms) = preSolution
		Debug|Any CPU = Debug|Any CPU
		Release|Any CPU = Release|Any CPU
	EndGlobalSection
	GlobalSection(ProjectConfigurationPlatforms) = postSolution
		{99EF4CE6-F265-41DC-9904-8B714EB5CBE8}.Debug|Any CPU.ActiveCfg = Debug|Any CPU
		{99EF4CE6-F265-41DC-9904-8B714EB5CBE8}.Debug|Any CPU.Build.0 = Debug|Any CPU
		{99EF4CE6-F265-41DC-9904-8B714EB5CBE8}.Release|Any CPU.ActiveCfg = Release|Any CPU
		{99EF4CE6-F265-41DC-9904-8B714EB5CBE8}.Release|Any CPU.Build.0 = Release|Any CPU
	EndGlobalSection
	GlobalSection(SolutionProperties) = preSolution
		HideSolutionNode = FALSE
	EndGlobalSection
	GlobalSection(ExtensibilityGlobals) = postSolution
		SolutionGuid = {D6509A2F-3F96-44D2-8930-BDA143F2FC4B}
	EndGlobalSection
EndGlobal
