
Microsoft Visual Studio Solution File, Format Version 12.00
# Visual Studio Version 17
VisualStudioVersion = 17.5.33516.290
MinimumVisualStudioVersion = 10.0.40219.1
Project("{FAE04EC0-301F-11D3-BF4B-00C04F79EFBC}") = "47_Amn=m+n", "47_Amn=m+n.csproj", "{3C19EBC2-9608-4CA2-964B-58965016C094}"
EndProject
Global
	GlobalSection(SolutionConfigurationPlatforms) = preSolution
		Debug|Any CPU = Debug|Any CPU
		Release|Any CPU = Release|Any CPU
	EndGlobalSection
	GlobalSection(ProjectConfigurationPlatforms) = postSolution
		{3C19EBC2-9608-4CA2-964B-58965016C094}.Debug|Any CPU.ActiveCfg = Debug|Any CPU
		{3C19EBC2-9608-4CA2-964B-58965016C094}.Debug|Any CPU.Build.0 = Debug|Any CPU
		{3C19EBC2-9608-4CA2-964B-58965016C094}.Release|Any CPU.ActiveCfg = Release|Any CPU
		{3C19EBC2-9608-4CA2-964B-58965016C094}.Release|Any CPU.Build.0 = Release|Any CPU
	EndGlobalSection
	GlobalSection(SolutionProperties) = preSolution
		HideSolutionNode = FALSE
	EndGlobalSection
	GlobalSection(ExtensibilityGlobals) = postSolution
		SolutionGuid = {EA76456F-A685-4540-87AA-96E5D4DECF89}
	EndGlobalSection
EndGlobal
